
Microsoft Visual Studio Solution File, Format Version 12.00
# Visual Studio Version 16
VisualStudioVersion = 16.0.28803.352
MinimumVisualStudioVersion = 10.0.40219.1
Project("{FAE04EC0-301F-11D3-BF4B-00C04F79EFBC}") = "ExcusesManagment", "ExcusesManagment\ExcusesManagment.csproj", "{C7A0A4CF-C6C6-4895-8D7E-69E9BFFB33E9}"
EndProject
Project("{FAE04EC0-301F-11D3-BF4B-00C04F79EFBC}") = "SomethingTemporaryToTest", "SomethingTemporaryToTest\SomethingTemporaryToTest.csproj", "{D24096C5-C12C-4604-9B78-813FF588FBF3}"
EndProject
Global
	GlobalSection(SolutionConfigurationPlatforms) = preSolution
		Debug|Any CPU = Debug|Any CPU
		Release|Any CPU = Release|Any CPU
	EndGlobalSection
	GlobalSection(ProjectConfigurationPlatforms) = postSolution
		{C7A0A4CF-C6C6-4895-8D7E-69E9BFFB33E9}.Debug|Any CPU.ActiveCfg = Debug|Any CPU
		{C7A0A4CF-C6C6-4895-8D7E-69E9BFFB33E9}.Debug|Any CPU.Build.0 = Debug|Any CPU
		{C7A0A4CF-C6C6-4895-8D7E-69E9BFFB33E9}.Release|Any CPU.ActiveCfg = Release|Any CPU
		{C7A0A4CF-C6C6-4895-8D7E-69E9BFFB33E9}.Release|Any CPU.Build.0 = Release|Any CPU
		{D24096C5-C12C-4604-9B78-813FF588FBF3}.Debug|Any CPU.ActiveCfg = Debug|Any CPU
		{D24096C5-C12C-4604-9B78-813FF588FBF3}.Debug|Any CPU.Build.0 = Debug|Any CPU
		{D24096C5-C12C-4604-9B78-813FF588FBF3}.Release|Any CPU.ActiveCfg = Release|Any CPU
		{D24096C5-C12C-4604-9B78-813FF588FBF3}.Release|Any CPU.Build.0 = Release|Any CPU
	EndGlobalSection
	GlobalSection(SolutionProperties) = preSolution
		HideSolutionNode = FALSE
	EndGlobalSection
	GlobalSection(ExtensibilityGlobals) = postSolution
		SolutionGuid = {352E010E-38BA-46F4-8EBA-9D1A6F7F87E2}
	EndGlobalSection
EndGlobal
